<Solution>
  <Project Path="backend/AiAgentService/AiAgentService.csproj" />
  <Project Path="backend/ApiGateway/ApiGateway.csproj" />
  <Project Path="backend/CommentsService/CommentsService.csproj" />
  <Project Path="backend/CommentsService.Tests/CommentsService.Tests.csproj" />
  <Project Path="backend/HotelService/HotelService.csproj" />
  <Project Path="backend/HotelService.Tests/HotelService.Tests.csproj" />
  <Project Path="backend/NotificationService/NotificationService.csproj" />
  <Project Path="backend/SharedKernel/SharedKernel.csproj" />
</Solution>
